// !$*UTF8*$!
{
	archiveVersion = 1;
	classes = {
	};
	objectVersion = 50;
	objects = {

/* Begin PBXBuildFile section */
		EBAE3C4425059A3900984A95 /* AppDelegate.swift in Sources */ = {isa = PBXBuildFile; fileRef = EBAE3C4325059A3900984A95 /* AppDelegate.swift */; };
		EBAE3C4625059A3900984A95 /* SceneDelegate.swift in Sources */ = {isa = PBXBuildFile; fileRef = EBAE3C4525059A3900984A95 /* SceneDelegate.swift */; };
		EBAE3C4825059A3900984A95 /* ViewController.swift in Sources */ = {isa = PBXBuildFile; fileRef = EBAE3C4725059A3900984A95 /* ViewController.swift */; };
		EBAE3C4B25059A3900984A95 /* Main.storyboard in Resources */ = {isa = PBXBuildFile; fileRef = EBAE3C4925059A3900984A95 /* Main.storyboard */; };
		EBAE3C4D25059A3D00984A95 /* Assets.xcassets in Resources */ = {isa = PBXBuildFile; fileRef = EBAE3C4C25059A3D00984A95 /* Assets.xcassets */; };
		EBAE3C5025059A3D00984A95 /* LaunchScreen.storyboard in Resources */ = {isa = PBXBuildFile; fileRef = EBAE3C4E25059A3D00984A95 /* LaunchScreen.storyboard */; };
		EBAE3C5B25059A3D00984A95 /* Lab1Tests.swift in Sources */ = {isa = PBXBuildFile; fileRef = EBAE3C5A25059A3D00984A95 /* Lab1Tests.swift */; };
		EBAE3C6625059A3D00984A95 /* Lab1UITests.swift in Sources */ = {isa = PBXBuildFile; fileRef = EBAE3C6525059A3D00984A95 /* Lab1UITests.swift */; };
/* End PBXBuildFile section */

/* Begin PBXContainerItemProxy section */
		EBAE3C5725059A3D00984A95 /* PBXContainerItemProxy */ = {
			isa = PBXContainerItemProxy;
			containerPortal = EBAE3C3825059A3800984A95 /* Project object */;
			proxyType = 1;
			remoteGlobalIDString = EBAE3C3F25059A3800984A95;
			remoteInfo = Lab1;
		};
		EBAE3C6225059A3D00984A95 /* PBXContainerItemProxy */ = {
			isa = PBXContainerItemProxy;
			containerPortal = EBAE3C3825059A3800984A95 /* Project object */;
			proxyType = 1;
			remoteGlobalIDString = EBAE3C3F25059A3800984A95;
			remoteInfo = Lab1;
		};
/* End PBXContainerItemProxy section */

/* Begin PBXFileReference section */
		EBAE3C4025059A3900984A95 /* Lab1.app */ = {isa = PBXFileReference; explicitFileType = wrapper.application; includeInIndex = 0; path = Lab1.app; sourceTree = BUILT_PRODUCTS_DIR; };
		EBAE3C4325059A3900984A95 /* AppDelegate.swift */ = {isa = PBXFileReference; lastKnownFileType = sourcecode.swift; path = AppDelegate.swift; sourceTree = "<group>"; };
		EBAE3C4525059A3900984A95 /* SceneDelegate.swift */ = {isa = PBXFileReference; lastKnownFileType = sourcecode.swift; path = SceneDelegate.swift; sourceTree = "<group>"; };
		EBAE3C4725059A3900984A95 /* ViewController.swift */ = {isa = PBXFileReference; lastKnownFileType = sourcecode.swift; path = ViewController.swift; sourceTree = "<group>"; };
		EBAE3C4A25059A3900984A95 /* Base */ = {isa = PBXFileReference; lastKnownFileType = file.storyboard; name = Base; path = Base.lproj/Main.storyboard; sourceTree = "<group>"; };
		EBAE3C4C25059A3D00984A95 /* Assets.xcassets */ = {isa = PBXFileReference; lastKnownFileType = folder.assetcatalog; path = Assets.xcassets; sourceTree = "<group>"; };
		EBAE3C4F25059A3D00984A95 /* Base */ = {isa = PBXFileReference; lastKnownFileType = file.storyboard; name = Base; path = Base.lproj/LaunchScreen.storyboard; sourceTree = "<group>"; };
		EBAE3C5125059A3D00984A95 /* Info.plist */ = {isa = PBXFileReference; lastKnownFileType = text.plist.xml; path = Info.plist; sourceTree = "<group>"; };
		EBAE3C5625059A3D00984A95 /* Lab1Tests.xctest */ = {isa = PBXFileReference; explicitFileType = wrapper.cfbundle; includeInIndex = 0; path = Lab1Tests.xctest; sourceTree = BUILT_PRODUCTS_DIR; };
		EBAE3C5A25059A3D00984A95 /* Lab1Tests.swift */ = {isa = PBXFileReference; lastKnownFileType = sourcecode.swift; path = Lab1Tests.swift; sourceTree = "<group>"; };
		EBAE3C5C25059A3D00984A95 /* Info.plist */ = {isa = PBXFileReference; lastKnownFileType = text.plist.xml; path = Info.plist; sourceTree = "<group>"; };
		EBAE3C6125059A3D00984A95 /* Lab1UITests.xctest */ = {isa = PBXFileReference; explicitFileType = wrapper.cfbundle; includeInIndex = 0; path = Lab1UITests.xctest; sourceTree = BUILT_PRODUCTS_DIR; };
		EBAE3C6525059A3D00984A95 /* Lab1UITests.swift */ = {isa = PBXFileReference; lastKnownFileType = sourcecode.swift; path = Lab1UITests.swift; sourceTree = "<group>"; };
		EBAE3C6725059A3D00984A95 /* Info.plist */ = {isa = PBXFileReference; lastKnownFileType = text.plist.xml; path = Info.plist; sourceTree = "<group>"; };
/* End PBXFileReference section */

/* Begin PBXFrameworksBuildPhase section */
		EBAE3C3D25059A3800984A95 /* Frameworks */ = {
			isa = PBXFrameworksBuildPhase;
			buildActionMask = 2147483647;
			files = (
			);
			runOnlyForDeploymentPostprocessing = 0;
		};
		EBAE3C5325059A3D00984A95 /* Frameworks */ = {
			isa = PBXFrameworksBuildPhase;
			buildActionMask = 2147483647;
			files = (
			);
			runOnlyForDeploymentPostprocessing = 0;
		};
		EBAE3C5E25059A3D00984A95 /* Frameworks */ = {
			isa = PBXFrameworksBuildPhase;
			buildActionMask = 2147483647;
			files = (
			);
			runOnlyForDeploymentPostprocessing = 0;
		};
/* End PBXFrameworksBuildPhase section */

/* Begin PBXGroup section */
		EBAE3C3725059A3800984A95 = {
			isa = PBXGroup;
			children = (
				EBAE3C4225059A3900984A95 /* Lab1 */,
				EBAE3C5925059A3D00984A95 /* Lab1Tests */,
				EBAE3C6425059A3D00984A95 /* Lab1UITests */,
				EBAE3C4125059A3900984A95 /* Products */,
			);
			sourceTree = "<group>";
		};
		EBAE3C4125059A3900984A95 /* Products */ = {
			isa = PBXGroup;
			children = (
				EBAE3C4025059A3900984A95 /* Lab1.app */,
				EBAE3C5625059A3D00984A95 /* Lab1Tests.xctest */,
				EBAE3C6125059A3D00984A95 /* Lab1UITests.xctest */,
			);
			name = Products;
			sourceTree = "<group>";
		};
		EBAE3C4225059A3900984A95 /* Lab1 */ = {
			isa = PBXGroup;
			children = (
				EBAE3C4325059A3900984A95 /* AppDelegate.swift */,
				EBAE3C4525059A3900984A95 /* SceneDelegate.swift */,
				EBAE3C4725059A3900984A95 /* ViewController.swift */,
				EBAE3C4925059A3900984A95 /* Main.storyboard */,
				EBAE3C4C25059A3D00984A95 /* Assets.xcassets */,
				EBAE3C4E25059A3D00984A95 /* LaunchScreen.storyboard */,
				EBAE3C5125059A3D00984A95 /* Info.plist */,
			);
			path = Lab1;
			sourceTree = "<group>";
		};
		EBAE3C5925059A3D00984A95 /* Lab1Tests */ = {
			isa = PBXGroup;
			children = (
				EBAE3C5A25059A3D00984A95 /* Lab1Tests.swift */,
				EBAE3C5C25059A3D00984A95 /* Info.plist */,
			);
			path = Lab1Tests;
			sourceTree = "<group>";
		};
		EBAE3C6425059A3D00984A95 /* Lab1UITests */ = {
			isa = PBXGroup;
			children = (
				EBAE3C6525059A3D00984A95 /* Lab1UITests.swift */,
				EBAE3C6725059A3D00984A95 /* Info.plist */,
			);
			path = Lab1UITests;
			sourceTree = "<group>";
		};
/* End PBXGroup section */

/* Begin PBXNativeTarget section */
		EBAE3C3F25059A3800984A95 /* Lab1 */ = {
			isa = PBXNativeTarget;
			buildConfigurationList = EBAE3C6A25059A3D00984A95 /* Build configuration list for PBXNativeTarget "Lab1" */;
			buildPhases = (
				EBAE3C3C25059A3800984A95 /* Sources */,
				EBAE3C3D25059A3800984A95 /* Frameworks */,
				EBAE3C3E25059A3800984A95 /* Resources */,
			);
			buildRules = (
			);
			dependencies = (
			);
			name = Lab1;
			productName = Lab1;
			productReference = EBAE3C4025059A3900984A95 /* Lab1.app */;
			productType = "com.apple.product-type.application";
		};
		EBAE3C5525059A3D00984A95 /* Lab1Tests */ = {
			isa = PBXNativeTarget;
			buildConfigurationList = EBAE3C6D25059A3D00984A95 /* Build configuration list for PBXNativeTarget "Lab1Tests" */;
			buildPhases = (
				EBAE3C5225059A3D00984A95 /* Sources */,
				EBAE3C5325059A3D00984A95 /* Frameworks */,
				EBAE3C5425059A3D00984A95 /* Resources */,
			);
			buildRules = (
			);
			dependencies = (
				EBAE3C5825059A3D00984A95 /* PBXTargetDependency */,
			);
			name = Lab1Tests;
			productName = Lab1Tests;
			productReference = EBAE3C5625059A3D00984A95 /* Lab1Tests.xctest */;
			productType = "com.apple.product-type.bundle.unit-test";
		};
		EBAE3C6025059A3D00984A95 /* Lab1UITests */ = {
			isa = PBXNativeTarget;
			buildConfigurationList = EBAE3C7025059A3D00984A95 /* Build configuration list for PBXNativeTarget "Lab1UITests" */;
			buildPhases = (
				EBAE3C5D25059A3D00984A95 /* Sources */,
				EBAE3C5E25059A3D00984A95 /* Frameworks */,
				EBAE3C5F25059A3D00984A95 /* Resources */,
			);
			buildRules = (
			);
			dependencies = (
				EBAE3C6325059A3D00984A95 /* PBXTargetDependency */,
			);
			name = Lab1UITests;
			productName = Lab1UITests;
			productReference = EBAE3C6125059A3D00984A95 /* Lab1UITests.xctest */;
			productType = "com.apple.product-type.bundle.ui-testing";
		};
/* End PBXNativeTarget section */

/* Begin PBXProject section */
		EBAE3C3825059A3800984A95 /* Project object */ = {
			isa = PBXProject;
			attributes = {
				LastSwiftUpdateCheck = 1170;
				LastUpgradeCheck = 1170;
				ORGANIZATIONNAME = "Elizabeth Bartholomew";
				TargetAttributes = {
					EBAE3C3F25059A3800984A95 = {
						CreatedOnToolsVersion = 11.7;
					};
					EBAE3C5525059A3D00984A95 = {
						CreatedOnToolsVersion = 11.7;
						TestTargetID = EBAE3C3F25059A3800984A95;
					};
					EBAE3C6025059A3D00984A95 = {
						CreatedOnToolsVersion = 11.7;
						TestTargetID = EBAE3C3F25059A3800984A95;
					};
				};
			};
			buildConfigurationList = EBAE3C3B25059A3800984A95 /* Build configuration list for PBXProject "Lab1" */;
			compatibilityVersion = "Xcode 9.3";
			developmentRegion = en;
			hasScannedForEncodings = 0;
			knownRegions = (
				en,
				Base,
			);
			mainGroup = EBAE3C3725059A3800984A95;
			productRefGroup = EBAE3C4125059A3900984A95 /* Products */;
			projectDirPath = "";
			projectRoot = "";
			targets = (
				EBAE3C3F25059A3800984A95 /* Lab1 */,
				EBAE3C5525059A3D00984A95 /* Lab1Tests */,
				EBAE3C6025059A3D00984A95 /* Lab1UITests */,
			);
		};
/* End PBXProject section */

/* Begin PBXResourcesBuildPhase section */
		EBAE3C3E25059A3800984A95 /* Resources */ = {
			isa = PBXResourcesBuildPhase;
			buildActionMask = 2147483647;
			files = (
				EBAE3C5025059A3D00984A95 /* LaunchScreen.storyboard in Resources */,
				EBAE3C4D25059A3D00984A95 /* Assets.xcassets in Resources */,
				EBAE3C4B25059A3900984A95 /* Main.storyboard in Resources */,
			);
			runOnlyForDeploymentPostprocessing = 0;
		};
		EBAE3C5425059A3D00984A95 /* Resources */ = {
			isa = PBXResourcesBuildPhase;
			buildActionMask = 2147483647;
			files = (
			);
			runOnlyForDeploymentPostprocessing = 0;
		};
		EBAE3C5F25059A3D00984A95 /* Resources */ = {
			isa = PBXResourcesBuildPhase;
			buildActionMask = 2147483647;
			files = (
			);
			runOnlyForDeploymentPostprocessing = 0;
		};
/* End PBXResourcesBuildPhase section */

/* Begin PBXSourcesBuildPhase section */
		EBAE3C3C25059A3800984A95 /* Sources */ = {
			isa = PBXSourcesBuildPhase;
			buildActionMask = 2147483647;
			files = (
				EBAE3C4825059A3900984A95 /* ViewController.swift in Sources */,
				EBAE3C4425059A3900984A95 /* AppDelegate.swift in Sources */,
				EBAE3C4625059A3900984A95 /* SceneDelegate.swift in Sources */,
			);
			runOnlyForDeploymentPostprocessing = 0;
		};
		EBAE3C5225059A3D00984A95 /* Sources */ = {
			isa = PBXSourcesBuildPhase;
			buildActionMask = 2147483647;
			files = (
				EBAE3C5B25059A3D00984A95 /* Lab1Tests.swift in Sources */,
			);
			runOnlyForDeploymentPostprocessing = 0;
		};
		EBAE3C5D25059A3D00984A95 /* Sources */ = {
			isa = PBXSourcesBuildPhase;
			buildActionMask = 2147483647;
			files = (
				EBAE3C6625059A3D00984A95 /* Lab1UITests.swift in Sources */,
			);
			runOnlyForDeploymentPostprocessing = 0;
		};
/* End PBXSourcesBuildPhase section */

/* Begin PBXTargetDependency section */
		EBAE3C5825059A3D00984A95 /* PBXTargetDependency */ = {
			isa = PBXTargetDependency;
			target = EBAE3C3F25059A3800984A95 /* Lab1 */;
			targetProxy = EBAE3C5725059A3D00984A95 /* PBXContainerItemProxy */;
		};
		EBAE3C6325059A3D00984A95 /* PBXTargetDependency */ = {
			isa = PBXTargetDependency;
			target = EBAE3C3F25059A3800984A95 /* Lab1 */;
			targetProxy = EBAE3C6225059A3D00984A95 /* PBXContainerItemProxy */;
		};
/* End PBXTargetDependency section */

/* Begin PBXVariantGroup section */
		EBAE3C4925059A3900984A95 /* Main.storyboard */ = {
			isa = PBXVariantGroup;
			children = (
				EBAE3C4A25059A3900984A95 /* Base */,
			);
			name = Main.storyboard;
			sourceTree = "<group>";
		};
		EBAE3C4E25059A3D00984A95 /* LaunchScreen.storyboard */ = {
			isa = PBXVariantGroup;
			children = (
				EBAE3C4F25059A3D00984A95 /* Base */,
			);
			name = LaunchScreen.storyboard;
			sourceTree = "<group>";
		};
/* End PBXVariantGroup section */

/* Begin XCBuildConfiguration section */
		EBAE3C6825059A3D00984A95 /* Debug */ = {
			isa = XCBuildConfiguration;
			buildSettings = {
				ALWAYS_SEARCH_USER_PATHS = NO;
				CLANG_ANALYZER_NONNULL = YES;
				CLANG_ANALYZER_NUMBER_OBJECT_CONVERSION = YES_AGGRESSIVE;
				CLANG_CXX_LANGUAGE_STANDARD = "gnu++14";
				CLANG_CXX_LIBRARY = "libc++";
				CLANG_ENABLE_MODULES = YES;
				CLANG_ENABLE_OBJC_ARC = YES;
				CLANG_ENABLE_OBJC_WEAK = YES;
				CLANG_WARN_BLOCK_CAPTURE_AUTORELEASING = YES;
				CLANG_WARN_BOOL_CONVERSION = YES;
				CLANG_WARN_COMMA = YES;
				CLANG_WARN_CONSTANT_CONVERSION = YES;
				CLANG_WARN_DEPRECATED_OBJC_IMPLEMENTATIONS = YES;
				CLANG_WARN_DIRECT_OBJC_ISA_USAGE = YES_ERROR;
				CLANG_WARN_DOCUMENTATION_COMMENTS = YES;
				CLANG_WARN_EMPTY_BODY = YES;
				CLANG_WARN_ENUM_CONVERSION = YES;
				CLANG_WARN_INFINITE_RECURSION = YES;
				CLANG_WARN_INT_CONVERSION = YES;
				CLANG_WARN_NON_LITERAL_NULL_CONVERSION = YES;
				CLANG_WARN_OBJC_IMPLICIT_RETAIN_SELF = YES;
				CLANG_WARN_OBJC_LITERAL_CONVERSION = YES;
				CLANG_WARN_OBJC_ROOT_CLASS = YES_ERROR;
				CLANG_WARN_RANGE_LOOP_ANALYSIS = YES;
				CLANG_WARN_STRICT_PROTOTYPES = YES;
				CLANG_WARN_SUSPICIOUS_MOVE = YES;
				CLANG_WARN_UNGUARDED_AVAILABILITY = YES_AGGRESSIVE;
				CLANG_WARN_UNREACHABLE_CODE = YES;
				CLANG_WARN__DUPLICATE_METHOD_MATCH = YES;
				COPY_PHASE_STRIP = NO;
				DEBUG_INFORMATION_FORMAT = dwarf;
				ENABLE_STRICT_OBJC_MSGSEND = YES;
				ENABLE_TESTABILITY = YES;
				GCC_C_LANGUAGE_STANDARD = gnu11;
				GCC_DYNAMIC_NO_PIC = NO;
				GCC_NO_COMMON_BLOCKS = YES;
				GCC_OPTIMIZATION_LEVEL = 0;
				GCC_PREPROCESSOR_DEFINITIONS = (
					"DEBUG=1",
					"$(inherited)",
				);
				GCC_WARN_64_TO_32_BIT_CONVERSION = YES;
				GCC_WARN_ABOUT_RETURN_TYPE = YES_ERROR;
				GCC_WARN_UNDECLARED_SELECTOR = YES;
				GCC_WARN_UNINITIALIZED_AUTOS = YES_AGGRESSIVE;
				GCC_WARN_UNUSED_FUNCTION = YES;
				GCC_WARN_UNUSED_VARIABLE = YES;
				IPHONEOS_DEPLOYMENT_TARGET = 13.7;
				MTL_ENABLE_DEBUG_INFO = INCLUDE_SOURCE;
				MTL_FAST_MATH = YES;
				ONLY_ACTIVE_ARCH = YES;
				SDKROOT = iphoneos;
				SWIFT_ACTIVE_COMPILATION_CONDITIONS = DEBUG;
				SWIFT_OPTIMIZATION_LEVEL = "-Onone";
			};
			name = Debug;
		};
		EBAE3C6925059A3D00984A95 /* Release */ = {
			isa = XCBuildConfiguration;
			buildSettings = {
				ALWAYS_SEARCH_USER_PATHS = NO;
				CLANG_ANALYZER_NONNULL = YES;
				CLANG_ANALYZER_NUMBER_OBJECT_CONVERSION = YES_AGGRESSIVE;
				CLANG_CXX_LANGUAGE_STANDARD = "gnu++14";
				CLANG_CXX_LIBRARY = "libc++";
				CLANG_ENABLE_MODULES = YES;
				CLANG_ENABLE_OBJC_ARC = YES;
				CLANG_ENABLE_OBJC_WEAK = YES;
				CLANG_WARN_BLOCK_CAPTURE_AUTORELEASING = YES;
				CLANG_WARN_BOOL_CONVERSION = YES;
				CLANG_WARN_COMMA = YES;
				CLANG_WARN_CONSTANT_CONVERSION = YES;
				CLANG_WARN_DEPRECATED_OBJC_IMPLEMENTATIONS = YES;
				CLANG_WARN_DIRECT_OBJC_ISA_USAGE = YES_ERROR;
				CLANG_WARN_DOCUMENTATION_COMMENTS = YES;
				CLANG_WARN_EMPTY_BODY = YES;
				CLANG_WARN_ENUM_CONVERSION = YES;
				CLANG_WARN_INFINITE_RECURSION = YES;
				CLANG_WARN_INT_CONVERSION = YES;
				CLANG_WARN_NON_LITERAL_NULL_CONVERSION = YES;
				CLANG_WARN_OBJC_IMPLICIT_RETAIN_SELF = YES;
				CLANG_WARN_OBJC_LITERAL_CONVERSION = YES;
				CLANG_WARN_OBJC_ROOT_CLASS = YES_ERROR;
				CLANG_WARN_RANGE_LOOP_ANALYSIS = YES;
				CLANG_WARN_STRICT_PROTOTYPES = YES;
				CLANG_WARN_SUSPICIOUS_MOVE = YES;
				CLANG_WARN_UNGUARDED_AVAILABILITY = YES_AGGRESSIVE;
				CLANG_WARN_UNREACHABLE_CODE = YES;
				CLANG_WARN__DUPLICATE_METHOD_MATCH = YES;
				COPY_PHASE_STRIP = NO;
				DEBUG_INFORMATION_FORMAT = "dwarf-with-dsym";
				ENABLE_NS_ASSERTIONS = NO;
				ENABLE_STRICT_OBJC_MSGSEND = YES;
				GCC_C_LANGUAGE_STANDARD = gnu11;
				GCC_NO_COMMON_BLOCKS = YES;
				GCC_WARN_64_TO_32_BIT_CONVERSION = YES;
				GCC_WARN_ABOUT_RETURN_TYPE = YES_ERROR;
				GCC_WARN_UNDECLARED_SELECTOR = YES;
				GCC_WARN_UNINITIALIZED_AUTOS = YES_AGGRESSIVE;
				GCC_WARN_UNUSED_FUNCTION = YES;
				GCC_WARN_UNUSED_VARIABLE = YES;
				IPHONEOS_DEPLOYMENT_TARGET = 13.7;
				MTL_ENABLE_DEBUG_INFO = NO;
				MTL_FAST_MATH = YES;
				SDKROOT = iphoneos;
				SWIFT_COMPILATION_MODE = wholemodule;
				SWIFT_OPTIMIZATION_LEVEL = "-O";
				VALIDATE_PRODUCT = YES;
			};
			name = Release;
		};
		EBAE3C6B25059A3D00984A95 /* Debug */ = {
			isa = XCBuildConfiguration;
			buildSettings = {
				ASSETCATALOG_COMPILER_APPICON_NAME = AppIcon;
				CODE_SIGN_STYLE = Automatic;
				INFOPLIST_FILE = Lab1/Info.plist;
				LD_RUNPATH_SEARCH_PATHS = (
					"$(inherited)",
					"@executable_path/Frameworks",
				);
				PRODUCT_BUNDLE_IDENTIFIER = ATLS.Lab1;
				PRODUCT_NAME = "$(TARGET_NAME)";
				SWIFT_VERSION = 5.0;
				TARGETED_DEVICE_FAMILY = "1,2";
			};
			name = Debug;
		};
		EBAE3C6C25059A3D00984A95 /* Release */ = {
			isa = XCBuildConfiguration;
			buildSettings = {
				ASSETCATALOG_COMPILER_APPICON_NAME = AppIcon;
				CODE_SIGN_STYLE = Automatic;
				INFOPLIST_FILE = Lab1/Info.plist;
				LD_RUNPATH_SEARCH_PATHS = (
					"$(inherited)",
					"@executable_path/Frameworks",
				);
				PRODUCT_BUNDLE_IDENTIFIER = ATLS.Lab1;
				PRODUCT_NAME = "$(TARGET_NAME)";
				SWIFT_VERSION = 5.0;
				TARGETED_DEVICE_FAMILY = "1,2";
			};
			name = Release;
		};
		EBAE3C6E25059A3D00984A95 /* Debug */ = {
			isa = XCBuildConfiguration;
			buildSettings = {
				ALWAYS_EMBED_SWIFT_STANDARD_LIBRARIES = YES;
				BUNDLE_LOADER = "$(TEST_HOST)";
				CODE_SIGN_STYLE = Automatic;
				INFOPLIST_FILE = Lab1Tests/Info.plist;
				IPHONEOS_DEPLOYMENT_TARGET = 13.7;
				LD_RUNPATH_SEARCH_PATHS = (
					"$(inherited)",
					"@executable_path/Frameworks",
					"@loader_path/Frameworks",
				);
				PRODUCT_BUNDLE_IDENTIFIER = ATLS.Lab1Tests;
				PRODUCT_NAME = "$(TARGET_NAME)";
				SWIFT_VERSION = 5.0;
				TARGETED_DEVICE_FAMILY = "1,2";
				TEST_HOST = "$(BUILT_PRODUCTS_DIR)/Lab1.app/Lab1";
			};
			name = Debug;
		};
		EBAE3C6F25059A3D00984A95 /* Release */ = {
			isa = XCBuildConfiguration;
			buildSettings = {
				ALWAYS_EMBED_SWIFT_STANDARD_LIBRARIES = YES;
				BUNDLE_LOADER = "$(TEST_HOST)";
				CODE_SIGN_STYLE = Automatic;
				INFOPLIST_FILE = Lab1Tests/Info.plist;
				IPHONEOS_DEPLOYMENT_TARGET = 13.7;
				LD_RUNPATH_SEARCH_PATHS = (
					"$(inherited)",
					"@executable_path/Frameworks",
					"@loader_path/Frameworks",
				);
				PRODUCT_BUNDLE_IDENTIFIER = ATLS.Lab1Tests;
				PRODUCT_NAME = "$(TARGET_NAME)";
				SWIFT_VERSION = 5.0;
				TARGETED_DEVICE_FAMILY = "1,2";
				TEST_HOST = "$(BUILT_PRODUCTS_DIR)/Lab1.app/Lab1";
			};
			name = Release;
		};
		EBAE3C7125059A3D00984A95 /* Debug */ = {
			isa = XCBuildConfiguration;
			buildSettings = {
				ALWAYS_EMBED_SWIFT_STANDARD_LIBRARIES = YES;
				CODE_SIGN_STYLE = Automatic;
				INFOPLIST_FILE = Lab1UITests/Info.plist;
				LD_RUNPATH_SEARCH_PATHS = (
					"$(inherited)",
					"@executable_path/Frameworks",
					"@loader_path/Frameworks",
				);
				PRODUCT_BUNDLE_IDENTIFIER = ATLS.Lab1UITests;
				PRODUCT_NAME = "$(TARGET_NAME)";
				SWIFT_VERSION = 5.0;
				TARGETED_DEVICE_FAMILY = "1,2";
				TEST_TARGET_NAME = Lab1;
			};
			name = Debug;
		};
		EBAE3C7225059A3D00984A95 /* Release */ = {
			isa = XCBuildConfiguration;
			buildSettings = {
				ALWAYS_EMBED_SWIFT_STANDARD_LIBRARIES = YES;
				CODE_SIGN_STYLE = Automatic;
				INFOPLIST_FILE = Lab1UITests/Info.plist;
				LD_RUNPATH_SEARCH_PATHS = (
					"$(inherited)",
					"@executable_path/Frameworks",
					"@loader_path/Frameworks",
				);
				PRODUCT_BUNDLE_IDENTIFIER = ATLS.Lab1UITests;
				PRODUCT_NAME = "$(TARGET_NAME)";
				SWIFT_VERSION = 5.0;
				TARGETED_DEVICE_FAMILY = "1,2";
				TEST_TARGET_NAME = Lab1;
			};
			name = Release;
		};
/* End XCBuildConfiguration section */

/* Begin XCConfigurationList section */
		EBAE3C3B25059A3800984A95 /* Build configuration list for PBXProject "Lab1" */ = {
			isa = XCConfigurationList;
			buildConfigurations = (
				EBAE3C6825059A3D00984A95 /* Debug */,
				EBAE3C6925059A3D00984A95 /* Release */,
			);
			defaultConfigurationIsVisible = 0;
			defaultConfigurationName = Release;
		};
		EBAE3C6A25059A3D00984A95 /* Build configuration list for PBXNativeTarget "Lab1" */ = {
			isa = XCConfigurationList;
			buildConfigurations = (
				EBAE3C6B25059A3D00984A95 /* Debug */,
				EBAE3C6C25059A3D00984A95 /* Release */,
			);
			defaultConfigurationIsVisible = 0;
			defaultConfigurationName = Release;
		};
		EBAE3C6D25059A3D00984A95 /* Build configuration list for PBXNativeTarget "Lab1Tests" */ = {
			isa = XCConfigurationList;
			buildConfigurations = (
				EBAE3C6E25059A3D00984A95 /* Debug */,
				EBAE3C6F25059A3D00984A95 /* Release */,
			);
			defaultConfigurationIsVisible = 0;
			defaultConfigurationName = Release;
		};
		EBAE3C7025059A3D00984A95 /* Build configuration list for PBXNativeTarget "Lab1UITests" */ = {
			isa = XCConfigurationList;
			buildConfigurations = (
				EBAE3C7125059A3D00984A95 /* Debug */,
				EBAE3C7225059A3D00984A95 /* Release */,
			);
			defaultConfigurationIsVisible = 0;
			defaultConfigurationName = Release;
		};
/* End XCConfigurationList section */
	};
	rootObject = EBAE3C3825059A3800984A95 /* Project object */;
}
